
Microsoft Visual Studio Solution File, Format Version 12.00
# Visual Studio 15
VisualStudioVersion = 15.0.28010.2041
MinimumVisualStudioVersion = 10.0.40219.1
Project("{FAE04EC0-301F-11D3-BF4B-00C04F79EFBC}") = "TelehackHelper.GUI", "TelehackHelper.GUI\TelehackHelper.GUI.csproj", "{D7B7E1DC-79C6-4A35-9289-CE2A8E8AE55C}"
EndProject
Project("{FAE04EC0-301F-11D3-BF4B-00C04F79EFBC}") = "TelehackHelper.Core", "TelehackHelper.Core\TelehackHelper.Core.csproj", "{72270574-7CE7-43E9-8F70-16FA749F0BA0}"
EndProject
Project("{FAE04EC0-301F-11D3-BF4B-00C04F79EFBC}") = "TelehackHelper.Console", "TelehackHelper.Console\TelehackHelper.Console.csproj", "{B63972C3-B60B-4561-91C9-F8135A72F9ED}"
EndProject
Global
	GlobalSection(SolutionConfigurationPlatforms) = preSolution
		Debug|Any CPU = Debug|Any CPU
		Release|Any CPU = Release|Any CPU
	EndGlobalSection
	GlobalSection(ProjectConfigurationPlatforms) = postSolution
		{D7B7E1DC-79C6-4A35-9289-CE2A8E8AE55C}.Debug|Any CPU.ActiveCfg = Debug|Any CPU
		{D7B7E1DC-79C6-4A35-9289-CE2A8E8AE55C}.Debug|Any CPU.Build.0 = Debug|Any CPU
		{D7B7E1DC-79C6-4A35-9289-CE2A8E8AE55C}.Release|Any CPU.ActiveCfg = Release|Any CPU
		{D7B7E1DC-79C6-4A35-9289-CE2A8E8AE55C}.Release|Any CPU.Build.0 = Release|Any CPU
		{72270574-7CE7-43E9-8F70-16FA749F0BA0}.Debug|Any CPU.ActiveCfg = Debug|Any CPU
		{72270574-7CE7-43E9-8F70-16FA749F0BA0}.Debug|Any CPU.Build.0 = Debug|Any CPU
		{72270574-7CE7-43E9-8F70-16FA749F0BA0}.Release|Any CPU.ActiveCfg = Release|Any CPU
		{72270574-7CE7-43E9-8F70-16FA749F0BA0}.Release|Any CPU.Build.0 = Release|Any CPU
		{B63972C3-B60B-4561-91C9-F8135A72F9ED}.Debug|Any CPU.ActiveCfg = Debug|Any CPU
		{B63972C3-B60B-4561-91C9-F8135A72F9ED}.Debug|Any CPU.Build.0 = Debug|Any CPU
		{B63972C3-B60B-4561-91C9-F8135A72F9ED}.Release|Any CPU.ActiveCfg = Release|Any CPU
		{B63972C3-B60B-4561-91C9-F8135A72F9ED}.Release|Any CPU.Build.0 = Release|Any CPU
	EndGlobalSection
	GlobalSection(SolutionProperties) = preSolution
		HideSolutionNode = FALSE
	EndGlobalSection
	GlobalSection(ExtensibilityGlobals) = postSolution
		SolutionGuid = {AD88641F-9338-4589-9729-E461A52F46BC}
	EndGlobalSection
EndGlobal
